{
  "nodes": {
    "nixpkgs": {
      "locked": {
        "lastModified": 1718571647,
        "narHash": "sha256-rZJeCZZJ/DuUlCHPjjlTo6DYd+/M4P+47x9u5gV5OL0=",
        "owner": "NixOS",
        "repo": "nixpkgs",
        "rev": "66540e5f9e118cd0ceb0498cc12e15c3fb0c1ab0",
        "type": "github"
      },
      "original": {
        "owner": "NixOS",
        "repo": "nixpkgs",
        "type": "github"
      }
    },
    "root": {
      "inputs": {
        "nixpkgs": "nixpkgs"
      }
    }
  },
  "root": "root",
  "version": 7
}
